{
  "name": "esm-test-setup",
  "version": "1.0.0",
  "lockfileVersion": 3,
  "requires": true,
  "packages": {
    "": {
      "name": "esm-test-setup",
      "version": "1.0.0",
      "workspaces": [
        "packages/*"
      ],
      "devDependencies": {
        "@types/node": "^22.13.5",
        "create-esm-loader": "latest",
        "tsx": "^4.19.3",
        "typescript": "^5.5.3"
      }
    },
    "node_modules/@esbuild/darwin-arm64": {
      "version": "0.25.0",
      "cpu": [
        "arm64"
      ],
      "dev": true,
      "license": "MIT",
      "optional": true,
      "os": [
        "darwin"
      ],
      "engines": {
        "node": ">=18"
      }
    },
    "node_modules/@types/node": {
      "version": "22.13.5",
      "dev": true,
      "license": "MIT",
      "dependencies": {
        "undici-types": "~6.20.0"
      }
    },
    "node_modules/create-esm-loader": {
      "version": "0.2.5",
      "resolved": "https://registry.npmjs.org/create-esm-loader/-/create-esm-loader-0.2.5.tgz",
      "integrity": "sha512-WSg6l2sre6yVp0C4HYzYSJUn6H5tp7av6ZkGyiIKayR+xBqEYPrtxL+LAz8f+wD2VJs7/PDlK+SokaMkCxIGpw==",
      "dev": true,
      "license": "MIT",
      "dependencies": {
        "semver": "^7.3.5"
      },
      "engines": {
        "node": ">=14.x"
      }
    },
    "node_modules/esbuild": {
      "version": "0.25.0",
      "dev": true,
      "hasInstallScript": true,
      "license": "MIT",
      "bin": {
        "esbuild": "bin/esbuild"
      },
      "engines": {
        "node": ">=18"
      },
      "optionalDependencies": {
        "@esbuild/aix-ppc64": "0.25.0",
        "@esbuild/android-arm": "0.25.0",
        "@esbuild/android-arm64": "0.25.0",
        "@esbuild/android-x64": "0.25.0",
        "@esbuild/darwin-arm64": "0.25.0",
        "@esbuild/darwin-x64": "0.25.0",
        "@esbuild/freebsd-arm64": "0.25.0",
        "@esbuild/freebsd-x64": "0.25.0",
        "@esbuild/linux-arm": "0.25.0",
        "@esbuild/linux-arm64": "0.25.0",
        "@esbuild/linux-ia32": "0.25.0",
        "@esbuild/linux-loong64": "0.25.0",
        "@esbuild/linux-mips64el": "0.25.0",
        "@esbuild/linux-ppc64": "0.25.0",
        "@esbuild/linux-riscv64": "0.25.0",
        "@esbuild/linux-s390x": "0.25.0",
        "@esbuild/linux-x64": "0.25.0",
        "@esbuild/netbsd-arm64": "0.25.0",
        "@esbuild/netbsd-x64": "0.25.0",
        "@esbuild/openbsd-arm64": "0.25.0",
        "@esbuild/openbsd-x64": "0.25.0",
        "@esbuild/sunos-x64": "0.25.0",
        "@esbuild/win32-arm64": "0.25.0",
        "@esbuild/win32-ia32": "0.25.0",
        "@esbuild/win32-x64": "0.25.0"
      }
    },
    "node_modules/fsevents": {
      "version": "2.3.3",
      "dev": true,
      "license": "MIT",
      "optional": true,
      "os": [
        "darwin"
      ],
      "engines": {
        "node": "^8.16.0 || ^10.6.0 || >=11.0.0"
      }
    },
    "node_modules/get-tsconfig": {
      "version": "4.10.0",
      "dev": true,
      "license": "MIT",
      "dependencies": {
        "resolve-pkg-maps": "^1.0.0"
      },
      "funding": {
        "url": "https://github.com/privatenumber/get-tsconfig?sponsor=1"
      }
    },
    "node_modules/resolve-pkg-maps": {
      "version": "1.0.0",
      "dev": true,
      "license": "MIT",
      "funding": {
        "url": "https://github.com/privatenumber/resolve-pkg-maps?sponsor=1"
      }
    },
    "node_modules/semver": {
      "version": "7.7.1",
      "resolved": "https://registry.npmjs.org/semver/-/semver-7.7.1.tgz",
      "integrity": "sha512-hlq8tAfn0m/61p4BVRcPzIGr6LKiMwo4VM6dGi6pt4qcRkmNzTcWq6eCEjEh+qXjkMDvPlOFFSGwQjoEa6gyMA==",
      "dev": true,
      "license": "ISC",
      "bin": {
        "semver": "bin/semver.js"
      },
      "engines": {
        "node": ">=10"
      }
    },
    "node_modules/tsx": {
      "version": "4.19.3",
      "dev": true,
      "license": "MIT",
      "dependencies": {
        "esbuild": "~0.25.0",
        "get-tsconfig": "^4.7.5"
      },
      "bin": {
        "tsx": "dist/cli.mjs"
      },
      "engines": {
        "node": ">=18.0.0"
      },
      "optionalDependencies": {
        "fsevents": "~2.3.3"
      }
    },
    "node_modules/typescript": {
      "version": "5.7.3",
      "dev": true,
      "license": "Apache-2.0",
      "bin": {
        "tsc": "bin/tsc",
        "tsserver": "bin/tsserver"
      },
      "engines": {
        "node": ">=14.17"
      }
    },
    "node_modules/undici-types": {
      "version": "6.20.0",
      "dev": true,
      "license": "MIT"
    },
    "packages/lincd-server": {
      "version": "1.0.0",
      "extraneous": true,
      "license": "ISC",
      "dependencies": {
        "autoprefixer": "^10.4.18",
        "body-parser": "^1.20.2",
        "chalk": "4.1.2",
        "compression": "^1.7.4",
        "cors": "^2.8.5",
        "express": "^4.18.3",
        "is-object": "^1.0.2",
        "lincd": "^1.0",
        "lincd-cli": "^1.1",
        "lincd-jsonld": "~1.0",
        "lincd-jsonld-store": "~1.0",
        "lincd-modules": "~1.0",
        "lincd-server-utils": "~1.0",
        "lincd-sioc": "~1.0",
        "lincd-storage": "~1.0",
        "n3": "^1.17.2",
        "node-fetch": "^2.6.7",
        "node-hook": "^1.0.0",
        "open": "^8.4.0",
        "proper-lockfile": "^4.1.2",
        "react": "^18.2",
        "react-dom": "^18.2",
        "react-error-boundary": "^4.0.13",
        "react-router-dom": "^6.22.3",
        "rimraf": "^5.0.5",
        "tsconfig-to-dual-package": "^1.2.0",
        "typescript": "^5.7.3",
        "webpack": "^5.90.3",
        "webpack-dev-middleware": "^7.0.0",
        "webpack-hot-middleware": "^2.26.1"
      },
      "devDependencies": {
        "@types/node": "^20.12.7",
        "@types/react-dom": "^18.0.6",
        "cross-env": "^7.0.3",
        "prettier": "3.2.5",
        "typescript-plugin-css-modules": "^5.1.0"
      }
    },
    "packages/loaders": {
      "version": "1.0.0",
      "extraneous": true,
      "dependencies": {
        "create-esm-loader": "latest"
      }
    }
  }
}
